{
    "name": "Sorting-Algorithms",
    "lockfileVersion": 2,
    "requires": true,
    "packages": {
        "": {
            "dependencies": {
                "perf_hooks": "^0.0.1",
                "present": "^1.0.0",
                "universal-perf-hooks": "^1.0.1"
            }
        },
        "node_modules/@types/node": {
            "version": "14.18.16",
            "resolved": "https://registry.npmjs.org/@types/node/-/node-14.18.16.tgz",
            "integrity": "sha512-X3bUMdK/VmvrWdoTkz+VCn6nwKwrKCFTHtqwBIaQJNx4RUIBBUFXM00bqPz/DsDd+Icjmzm6/tyYZzeGVqb6/Q=="
        },
        "node_modules/perf_hooks": {
            "version": "0.0.1",
            "resolved": "https://registry.npmjs.org/perf_hooks/-/perf_hooks-0.0.1.tgz",
            "integrity": "sha512-qG/D9iA4KDme+KF4vCObJy6Bouu3BlQnmJ8jPydVPm32NJBD9ZK1ZNgXSYaZKHkVC1sKSqUiLgFvAZPUiIEnBw=="
        },
        "node_modules/present": {
            "version": "1.0.0",
            "resolved": "https://registry.npmjs.org/present/-/present-1.0.0.tgz",
            "integrity": "sha1-bS+GW+epaIURj0Zg6D4hYftxzys="
        },
        "node_modules/universal-perf-hooks": {
            "version": "1.0.1",
            "resolved": "https://registry.npmjs.org/universal-perf-hooks/-/universal-perf-hooks-1.0.1.tgz",
            "integrity": "sha512-XPbS20JvSJBIY5XOVS0n+TOEVysUuuFhiWFVLAPh9iRSdH5R2rWOVWlXMwiaUD8TVtMiuVDedmfyIYQdu+gkrw==",
            "dependencies": {
                "@types/node": "^14.14.37"
            }
        }
    },
    "dependencies": {
        "@types/node": {
            "version": "14.18.16",
            "resolved": "https://registry.npmjs.org/@types/node/-/node-14.18.16.tgz",
            "integrity": "sha512-X3bUMdK/VmvrWdoTkz+VCn6nwKwrKCFTHtqwBIaQJNx4RUIBBUFXM00bqPz/DsDd+Icjmzm6/tyYZzeGVqb6/Q=="
        },
        "perf_hooks": {
            "version": "0.0.1",
            "resolved": "https://registry.npmjs.org/perf_hooks/-/perf_hooks-0.0.1.tgz",
            "integrity": "sha512-qG/D9iA4KDme+KF4vCObJy6Bouu3BlQnmJ8jPydVPm32NJBD9ZK1ZNgXSYaZKHkVC1sKSqUiLgFvAZPUiIEnBw=="
        },
        "present": {
            "version": "1.0.0",
            "resolved": "https://registry.npmjs.org/present/-/present-1.0.0.tgz",
            "integrity": "sha1-bS+GW+epaIURj0Zg6D4hYftxzys="
        },
        "universal-perf-hooks": {
            "version": "1.0.1",
            "resolved": "https://registry.npmjs.org/universal-perf-hooks/-/universal-perf-hooks-1.0.1.tgz",
            "integrity": "sha512-XPbS20JvSJBIY5XOVS0n+TOEVysUuuFhiWFVLAPh9iRSdH5R2rWOVWlXMwiaUD8TVtMiuVDedmfyIYQdu+gkrw==",
            "requires": {
                "@types/node": "^14.14.37"
            }
        }
    }
}
